// !$*UTF8*$!
{
	archiveVersion = 1;
	classes = {
	};
	objectVersion = 50;
	objects = {

/* Begin PBXBuildFile section */
		67F71109698DA54E0FBD0F81 /* Pods_Todos.framework in Frameworks */ = {isa = PBXBuildFile; fileRef = DB294085C171839223545A8C /* Pods_Todos.framework */; };
		F202920C214AEBDA0067F777 /* AppDelegate.swift in Sources */ = {isa = PBXBuildFile; fileRef = F202920B214AEBDA0067F777 /* AppDelegate.swift */; };
		F202920E214AEBDA0067F777 /* TodosTableViewController.swift in Sources */ = {isa = PBXBuildFile; fileRef = F202920D214AEBDA0067F777 /* TodosTableViewController.swift */; };
		F2029211214AEBDA0067F777 /* Main.storyboard in Resources */ = {isa = PBXBuildFile; fileRef = F202920F214AEBDA0067F777 /* Main.storyboard */; };
		F2029213214AEBDC0067F777 /* Assets.xcassets in Resources */ = {isa = PBXBuildFile; fileRef = F2029212214AEBDC0067F777 /* Assets.xcassets */; };
		F2029216214AEBDC0067F777 /* LaunchScreen.storyboard in Resources */ = {isa = PBXBuildFile; fileRef = F2029214214AEBDC0067F777 /* LaunchScreen.storyboard */; };
		F202924821526D780067F777 /* CategoryTableViewController.swift in Sources */ = {isa = PBXBuildFile; fileRef = F202924721526D780067F777 /* CategoryTableViewController.swift */; };
		F289893F2152AD2C003B843A /* Item.swift in Sources */ = {isa = PBXBuildFile; fileRef = F289893E2152AD2C003B843A /* Item.swift */; };
		F28989412152AD36003B843A /* Category.swift in Sources */ = {isa = PBXBuildFile; fileRef = F28989402152AD36003B843A /* Category.swift */; };
/* End PBXBuildFile section */

/* Begin PBXFileReference section */
		58543DD1EB824C5C386C771C /* Pods-Todos.debug.xcconfig */ = {isa = PBXFileReference; includeInIndex = 1; lastKnownFileType = text.xcconfig; name = "Pods-Todos.debug.xcconfig"; path = "Pods/Target Support Files/Pods-Todos/Pods-Todos.debug.xcconfig"; sourceTree = "<group>"; };
		B6C661A2741E484204509836 /* Pods-Todos.release.xcconfig */ = {isa = PBXFileReference; includeInIndex = 1; lastKnownFileType = text.xcconfig; name = "Pods-Todos.release.xcconfig"; path = "Pods/Target Support Files/Pods-Todos/Pods-Todos.release.xcconfig"; sourceTree = "<group>"; };
		DB294085C171839223545A8C /* Pods_Todos.framework */ = {isa = PBXFileReference; explicitFileType = wrapper.framework; includeInIndex = 0; path = Pods_Todos.framework; sourceTree = BUILT_PRODUCTS_DIR; };
		F2029208214AEBDA0067F777 /* Todos.app */ = {isa = PBXFileReference; explicitFileType = wrapper.application; includeInIndex = 0; path = Todos.app; sourceTree = BUILT_PRODUCTS_DIR; };
		F202920B214AEBDA0067F777 /* AppDelegate.swift */ = {isa = PBXFileReference; lastKnownFileType = sourcecode.swift; path = AppDelegate.swift; sourceTree = "<group>"; };
		F202920D214AEBDA0067F777 /* TodosTableViewController.swift */ = {isa = PBXFileReference; lastKnownFileType = sourcecode.swift; path = TodosTableViewController.swift; sourceTree = "<group>"; };
		F2029210214AEBDA0067F777 /* Base */ = {isa = PBXFileReference; lastKnownFileType = file.storyboard; name = Base; path = Base.lproj/Main.storyboard; sourceTree = "<group>"; };
		F2029212214AEBDC0067F777 /* Assets.xcassets */ = {isa = PBXFileReference; lastKnownFileType = folder.assetcatalog; path = Assets.xcassets; sourceTree = "<group>"; };
		F2029215214AEBDC0067F777 /* Base */ = {isa = PBXFileReference; lastKnownFileType = file.storyboard; name = Base; path = Base.lproj/LaunchScreen.storyboard; sourceTree = "<group>"; };
		F2029217214AEBDC0067F777 /* Info.plist */ = {isa = PBXFileReference; lastKnownFileType = text.plist.xml; path = Info.plist; sourceTree = "<group>"; };
		F202924721526D780067F777 /* CategoryTableViewController.swift */ = {isa = PBXFileReference; lastKnownFileType = sourcecode.swift; path = CategoryTableViewController.swift; sourceTree = "<group>"; };
		F289893E2152AD2C003B843A /* Item.swift */ = {isa = PBXFileReference; lastKnownFileType = sourcecode.swift; path = Item.swift; sourceTree = "<group>"; };
		F28989402152AD36003B843A /* Category.swift */ = {isa = PBXFileReference; lastKnownFileType = sourcecode.swift; path = Category.swift; sourceTree = "<group>"; };
/* End PBXFileReference section */

/* Begin PBXFrameworksBuildPhase section */
		F2029205214AEBDA0067F777 /* Frameworks */ = {
			isa = PBXFrameworksBuildPhase;
			buildActionMask = 2147483647;
			files = (
				67F71109698DA54E0FBD0F81 /* Pods_Todos.framework in Frameworks */,
			);
			runOnlyForDeploymentPostprocessing = 0;
		};
/* End PBXFrameworksBuildPhase section */

/* Begin PBXGroup section */
		7DA96D1EEFC25827333E2725 /* Frameworks */ = {
			isa = PBXGroup;
			children = (
				DB294085C171839223545A8C /* Pods_Todos.framework */,
			);
			name = Frameworks;
			sourceTree = "<group>";
		};
		EA47A0F50144666FA4F0A6E0 /* Pods */ = {
			isa = PBXGroup;
			children = (
				58543DD1EB824C5C386C771C /* Pods-Todos.debug.xcconfig */,
				B6C661A2741E484204509836 /* Pods-Todos.release.xcconfig */,
			);
			name = Pods;
			sourceTree = "<group>";
		};
		F20291FF214AEBDA0067F777 = {
			isa = PBXGroup;
			children = (
				F202921D214E28820067F777 /* Data Model */,
				F202920A214AEBDA0067F777 /* Todos */,
				F2029209214AEBDA0067F777 /* Products */,
				EA47A0F50144666FA4F0A6E0 /* Pods */,
				7DA96D1EEFC25827333E2725 /* Frameworks */,
			);
			sourceTree = "<group>";
		};
		F2029209214AEBDA0067F777 /* Products */ = {
			isa = PBXGroup;
			children = (
				F2029208214AEBDA0067F777 /* Todos.app */,
			);
			name = Products;
			sourceTree = "<group>";
		};
		F202920A214AEBDA0067F777 /* Todos */ = {
			isa = PBXGroup;
			children = (
				F202920B214AEBDA0067F777 /* AppDelegate.swift */,
				F2029220214E29A30067F777 /* Controllers */,
				F2029221214E29B90067F777 /* Views */,
				F2029222214E29D40067F777 /* Supporting files */,
				F2029217214AEBDC0067F777 /* Info.plist */,
			);
			path = Todos;
			sourceTree = "<group>";
		};
		F202921D214E28820067F777 /* Data Model */ = {
			isa = PBXGroup;
			children = (
				F289893E2152AD2C003B843A /* Item.swift */,
				F28989402152AD36003B843A /* Category.swift */,
			);
			path = "Data Model";
			sourceTree = "<group>";
		};
		F2029220214E29A30067F777 /* Controllers */ = {
			isa = PBXGroup;
			children = (
				F202924721526D780067F777 /* CategoryTableViewController.swift */,
				F202920D214AEBDA0067F777 /* TodosTableViewController.swift */,
			);
			path = Controllers;
			sourceTree = "<group>";
		};
		F2029221214E29B90067F777 /* Views */ = {
			isa = PBXGroup;
			children = (
				F202920F214AEBDA0067F777 /* Main.storyboard */,
			);
			path = Views;
			sourceTree = "<group>";
		};
		F2029222214E29D40067F777 /* Supporting files */ = {
			isa = PBXGroup;
			children = (
				F2029212214AEBDC0067F777 /* Assets.xcassets */,
				F2029214214AEBDC0067F777 /* LaunchScreen.storyboard */,
			);
			path = "Supporting files";
			sourceTree = "<group>";
		};
/* End PBXGroup section */

/* Begin PBXNativeTarget section */
		F2029207214AEBDA0067F777 /* Todos */ = {
			isa = PBXNativeTarget;
			buildConfigurationList = F202921A214AEBDC0067F777 /* Build configuration list for PBXNativeTarget "Todos" */;
			buildPhases = (
				049D7930AD3244EE87F0DC96 /* [CP] Check Pods Manifest.lock */,
				F2029204214AEBDA0067F777 /* Sources */,
				F2029205214AEBDA0067F777 /* Frameworks */,
				F2029206214AEBDA0067F777 /* Resources */,
				F5C46ECE3606457744DEF0A8 /* [CP] Embed Pods Frameworks */,
			);
			buildRules = (
			);
			dependencies = (
			);
			name = Todos;
			productName = Todos;
			productReference = F2029208214AEBDA0067F777 /* Todos.app */;
			productType = "com.apple.product-type.application";
		};
/* End PBXNativeTarget section */

/* Begin PBXProject section */
		F2029200214AEBDA0067F777 /* Project object */ = {
			isa = PBXProject;
			attributes = {
				LastSwiftUpdateCheck = 0940;
				LastUpgradeCheck = 0940;
				ORGANIZATIONNAME = "Mostafa Elshazly";
				TargetAttributes = {
					F2029207214AEBDA0067F777 = {
						CreatedOnToolsVersion = 9.4.1;
					};
				};
			};
			buildConfigurationList = F2029203214AEBDA0067F777 /* Build configuration list for PBXProject "Todos" */;
			compatibilityVersion = "Xcode 9.3";
			developmentRegion = en;
			hasScannedForEncodings = 0;
			knownRegions = (
				en,
				Base,
			);
			mainGroup = F20291FF214AEBDA0067F777;
			productRefGroup = F2029209214AEBDA0067F777 /* Products */;
			projectDirPath = "";
			projectRoot = "";
			targets = (
				F2029207214AEBDA0067F777 /* Todos */,
			);
		};
/* End PBXProject section */

/* Begin PBXResourcesBuildPhase section */
		F2029206214AEBDA0067F777 /* Resources */ = {
			isa = PBXResourcesBuildPhase;
			buildActionMask = 2147483647;
			files = (
				F2029216214AEBDC0067F777 /* LaunchScreen.storyboard in Resources */,
				F2029213214AEBDC0067F777 /* Assets.xcassets in Resources */,
				F2029211214AEBDA0067F777 /* Main.storyboard in Resources */,
			);
			runOnlyForDeploymentPostprocessing = 0;
		};
/* End PBXResourcesBuildPhase section */

/* Begin PBXShellScriptBuildPhase section */
		049D7930AD3244EE87F0DC96 /* [CP] Check Pods Manifest.lock */ = {
			isa = PBXShellScriptBuildPhase;
			buildActionMask = 2147483647;
			files = (
			);
			inputPaths = (
				"${PODS_PODFILE_DIR_PATH}/Podfile.lock",
				"${PODS_ROOT}/Manifest.lock",
			);
			name = "[CP] Check Pods Manifest.lock";
			outputPaths = (
				"$(DERIVED_FILE_DIR)/Pods-Todos-checkManifestLockResult.txt",
			);
			runOnlyForDeploymentPostprocessing = 0;
			shellPath = /bin/sh;
			shellScript = "diff \"${PODS_PODFILE_DIR_PATH}/Podfile.lock\" \"${PODS_ROOT}/Manifest.lock\" > /dev/null\nif [ $? != 0 ] ; then\n    # print error to STDERR\n    echo \"error: The sandbox is not in sync with the Podfile.lock. Run 'pod install' or update your CocoaPods installation.\" >&2\n    exit 1\nfi\n# This output is used by Xcode 'outputs' to avoid re-running this script phase.\necho \"SUCCESS\" > \"${SCRIPT_OUTPUT_FILE_0}\"\n";
			showEnvVarsInLog = 0;
		};
		F5C46ECE3606457744DEF0A8 /* [CP] Embed Pods Frameworks */ = {
			isa = PBXShellScriptBuildPhase;
			buildActionMask = 2147483647;
			files = (
			);
			inputPaths = (
				"${SRCROOT}/Pods/Target Support Files/Pods-Todos/Pods-Todos-frameworks.sh",
				"${BUILT_PRODUCTS_DIR}/Realm/Realm.framework",
				"${BUILT_PRODUCTS_DIR}/RealmSwift/RealmSwift.framework",
			);
			name = "[CP] Embed Pods Frameworks";
			outputPaths = (
				"${TARGET_BUILD_DIR}/${FRAMEWORKS_FOLDER_PATH}/Realm.framework",
				"${TARGET_BUILD_DIR}/${FRAMEWORKS_FOLDER_PATH}/RealmSwift.framework",
			);
			runOnlyForDeploymentPostprocessing = 0;
			shellPath = /bin/sh;
			shellScript = "\"${SRCROOT}/Pods/Target Support Files/Pods-Todos/Pods-Todos-frameworks.sh\"\n";
			showEnvVarsInLog = 0;
		};
/* End PBXShellScriptBuildPhase section */

/* Begin PBXSourcesBuildPhase section */
		F2029204214AEBDA0067F777 /* Sources */ = {
			isa = PBXSourcesBuildPhase;
			buildActionMask = 2147483647;
			files = (
				F289893F2152AD2C003B843A /* Item.swift in Sources */,
				F202920E214AEBDA0067F777 /* TodosTableViewController.swift in Sources */,
				F202920C214AEBDA0067F777 /* AppDelegate.swift in Sources */,
				F202924821526D780067F777 /* CategoryTableViewController.swift in Sources */,
				F28989412152AD36003B843A /* Category.swift in Sources */,
			);
			runOnlyForDeploymentPostprocessing = 0;
		};
/* End PBXSourcesBuildPhase section */

/* Begin PBXVariantGroup section */
		F202920F214AEBDA0067F777 /* Main.storyboard */ = {
			isa = PBXVariantGroup;
			children = (
				F2029210214AEBDA0067F777 /* Base */,
			);
			name = Main.storyboard;
			sourceTree = "<group>";
		};
		F2029214214AEBDC0067F777 /* LaunchScreen.storyboard */ = {
			isa = PBXVariantGroup;
			children = (
				F2029215214AEBDC0067F777 /* Base */,
			);
			name = LaunchScreen.storyboard;
			sourceTree = "<group>";
		};
/* End PBXVariantGroup section */

/* Begin XCBuildConfiguration section */
		F2029218214AEBDC0067F777 /* Debug */ = {
			isa = XCBuildConfiguration;
			buildSettings = {
				ALWAYS_SEARCH_USER_PATHS = NO;
				CLANG_ANALYZER_NONNULL = YES;
				CLANG_ANALYZER_NUMBER_OBJECT_CONVERSION = YES_AGGRESSIVE;
				CLANG_CXX_LANGUAGE_STANDARD = "gnu++14";
				CLANG_CXX_LIBRARY = "libc++";
				CLANG_ENABLE_MODULES = YES;
				CLANG_ENABLE_OBJC_ARC = YES;
				CLANG_ENABLE_OBJC_WEAK = YES;
				CLANG_WARN_BLOCK_CAPTURE_AUTORELEASING = YES;
				CLANG_WARN_BOOL_CONVERSION = YES;
				CLANG_WARN_COMMA = YES;
				CLANG_WARN_CONSTANT_CONVERSION = YES;
				CLANG_WARN_DEPRECATED_OBJC_IMPLEMENTATIONS = YES;
				CLANG_WARN_DIRECT_OBJC_ISA_USAGE = YES_ERROR;
				CLANG_WARN_DOCUMENTATION_COMMENTS = YES;
				CLANG_WARN_EMPTY_BODY = YES;
				CLANG_WARN_ENUM_CONVERSION = YES;
				CLANG_WARN_INFINITE_RECURSION = YES;
				CLANG_WARN_INT_CONVERSION = YES;
				CLANG_WARN_NON_LITERAL_NULL_CONVERSION = YES;
				CLANG_WARN_OBJC_IMPLICIT_RETAIN_SELF = YES;
				CLANG_WARN_OBJC_LITERAL_CONVERSION = YES;
				CLANG_WARN_OBJC_ROOT_CLASS = YES_ERROR;
				CLANG_WARN_RANGE_LOOP_ANALYSIS = YES;
				CLANG_WARN_STRICT_PROTOTYPES = YES;
				CLANG_WARN_SUSPICIOUS_MOVE = YES;
				CLANG_WARN_UNGUARDED_AVAILABILITY = YES_AGGRESSIVE;
				CLANG_WARN_UNREACHABLE_CODE = YES;
				CLANG_WARN__DUPLICATE_METHOD_MATCH = YES;
				CODE_SIGN_IDENTITY = "iPhone Developer";
				COPY_PHASE_STRIP = NO;
				DEBUG_INFORMATION_FORMAT = dwarf;
				ENABLE_STRICT_OBJC_MSGSEND = YES;
				ENABLE_TESTABILITY = YES;
				GCC_C_LANGUAGE_STANDARD = gnu11;
				GCC_DYNAMIC_NO_PIC = NO;
				GCC_NO_COMMON_BLOCKS = YES;
				GCC_OPTIMIZATION_LEVEL = 0;
				GCC_PREPROCESSOR_DEFINITIONS = (
					"DEBUG=1",
					"$(inherited)",
				);
				GCC_WARN_64_TO_32_BIT_CONVERSION = YES;
				GCC_WARN_ABOUT_RETURN_TYPE = YES_ERROR;
				GCC_WARN_UNDECLARED_SELECTOR = YES;
				GCC_WARN_UNINITIALIZED_AUTOS = YES_AGGRESSIVE;
				GCC_WARN_UNUSED_FUNCTION = YES;
				GCC_WARN_UNUSED_VARIABLE = YES;
				IPHONEOS_DEPLOYMENT_TARGET = 11.4;
				MTL_ENABLE_DEBUG_INFO = YES;
				ONLY_ACTIVE_ARCH = YES;
				SDKROOT = iphoneos;
				SWIFT_ACTIVE_COMPILATION_CONDITIONS = DEBUG;
				SWIFT_OPTIMIZATION_LEVEL = "-Onone";
			};
			name = Debug;
		};
		F2029219214AEBDC0067F777 /* Release */ = {
			isa = XCBuildConfiguration;
			buildSettings = {
				ALWAYS_SEARCH_USER_PATHS = NO;
				CLANG_ANALYZER_NONNULL = YES;
				CLANG_ANALYZER_NUMBER_OBJECT_CONVERSION = YES_AGGRESSIVE;
				CLANG_CXX_LANGUAGE_STANDARD = "gnu++14";
				CLANG_CXX_LIBRARY = "libc++";
				CLANG_ENABLE_MODULES = YES;
				CLANG_ENABLE_OBJC_ARC = YES;
				CLANG_ENABLE_OBJC_WEAK = YES;
				CLANG_WARN_BLOCK_CAPTURE_AUTORELEASING = YES;
				CLANG_WARN_BOOL_CONVERSION = YES;
				CLANG_WARN_COMMA = YES;
				CLANG_WARN_CONSTANT_CONVERSION = YES;
				CLANG_WARN_DEPRECATED_OBJC_IMPLEMENTATIONS = YES;
				CLANG_WARN_DIRECT_OBJC_ISA_USAGE = YES_ERROR;
				CLANG_WARN_DOCUMENTATION_COMMENTS = YES;
				CLANG_WARN_EMPTY_BODY = YES;
				CLANG_WARN_ENUM_CONVERSION = YES;
				CLANG_WARN_INFINITE_RECURSION = YES;
				CLANG_WARN_INT_CONVERSION = YES;
				CLANG_WARN_NON_LITERAL_NULL_CONVERSION = YES;
				CLANG_WARN_OBJC_IMPLICIT_RETAIN_SELF = YES;
				CLANG_WARN_OBJC_LITERAL_CONVERSION = YES;
				CLANG_WARN_OBJC_ROOT_CLASS = YES_ERROR;
				CLANG_WARN_RANGE_LOOP_ANALYSIS = YES;
				CLANG_WARN_STRICT_PROTOTYPES = YES;
				CLANG_WARN_SUSPICIOUS_MOVE = YES;
				CLANG_WARN_UNGUARDED_AVAILABILITY = YES_AGGRESSIVE;
				CLANG_WARN_UNREACHABLE_CODE = YES;
				CLANG_WARN__DUPLICATE_METHOD_MATCH = YES;
				CODE_SIGN_IDENTITY = "iPhone Developer";
				COPY_PHASE_STRIP = NO;
				DEBUG_INFORMATION_FORMAT = "dwarf-with-dsym";
				ENABLE_NS_ASSERTIONS = NO;
				ENABLE_STRICT_OBJC_MSGSEND = YES;
				GCC_C_LANGUAGE_STANDARD = gnu11;
				GCC_NO_COMMON_BLOCKS = YES;
				GCC_WARN_64_TO_32_BIT_CONVERSION = YES;
				GCC_WARN_ABOUT_RETURN_TYPE = YES_ERROR;
				GCC_WARN_UNDECLARED_SELECTOR = YES;
				GCC_WARN_UNINITIALIZED_AUTOS = YES_AGGRESSIVE;
				GCC_WARN_UNUSED_FUNCTION = YES;
				GCC_WARN_UNUSED_VARIABLE = YES;
				IPHONEOS_DEPLOYMENT_TARGET = 11.4;
				MTL_ENABLE_DEBUG_INFO = NO;
				SDKROOT = iphoneos;
				SWIFT_COMPILATION_MODE = wholemodule;
				SWIFT_OPTIMIZATION_LEVEL = "-O";
				VALIDATE_PRODUCT = YES;
			};
			name = Release;
		};
		F202921B214AEBDC0067F777 /* Debug */ = {
			isa = XCBuildConfiguration;
			baseConfigurationReference = 58543DD1EB824C5C386C771C /* Pods-Todos.debug.xcconfig */;
			buildSettings = {
				ASSETCATALOG_COMPILER_APPICON_NAME = AppIcon;
				CODE_SIGN_STYLE = Automatic;
				DEVELOPMENT_TEAM = 92248YS3F6;
				INFOPLIST_FILE = Todos/Info.plist;
				LD_RUNPATH_SEARCH_PATHS = (
					"$(inherited)",
					"@executable_path/Frameworks",
				);
				PRODUCT_BUNDLE_IDENTIFIER = com.MostafaElshazly.Todos;
				PRODUCT_NAME = "$(TARGET_NAME)";
				SWIFT_VERSION = 4.0;
				TARGETED_DEVICE_FAMILY = "1,2";
			};
			name = Debug;
		};
		F202921C214AEBDC0067F777 /* Release */ = {
			isa = XCBuildConfiguration;
			baseConfigurationReference = B6C661A2741E484204509836 /* Pods-Todos.release.xcconfig */;
			buildSettings = {
				ASSETCATALOG_COMPILER_APPICON_NAME = AppIcon;
				CODE_SIGN_STYLE = Automatic;
				DEVELOPMENT_TEAM = 92248YS3F6;
				INFOPLIST_FILE = Todos/Info.plist;
				LD_RUNPATH_SEARCH_PATHS = (
					"$(inherited)",
					"@executable_path/Frameworks",
				);
				PRODUCT_BUNDLE_IDENTIFIER = com.MostafaElshazly.Todos;
				PRODUCT_NAME = "$(TARGET_NAME)";
				SWIFT_VERSION = 4.0;
				TARGETED_DEVICE_FAMILY = "1,2";
			};
			name = Release;
		};
/* End XCBuildConfiguration section */

/* Begin XCConfigurationList section */
		F2029203214AEBDA0067F777 /* Build configuration list for PBXProject "Todos" */ = {
			isa = XCConfigurationList;
			buildConfigurations = (
				F2029218214AEBDC0067F777 /* Debug */,
				F2029219214AEBDC0067F777 /* Release */,
			);
			defaultConfigurationIsVisible = 0;
			defaultConfigurationName = Release;
		};
		F202921A214AEBDC0067F777 /* Build configuration list for PBXNativeTarget "Todos" */ = {
			isa = XCConfigurationList;
			buildConfigurations = (
				F202921B214AEBDC0067F777 /* Debug */,
				F202921C214AEBDC0067F777 /* Release */,
			);
			defaultConfigurationIsVisible = 0;
			defaultConfigurationName = Release;
		};
/* End XCConfigurationList section */
	};
	rootObject = F2029200214AEBDA0067F777 /* Project object */;
}
